
Microsoft Visual Studio Solution File, Format Version 12.00
# Visual Studio Version 16
VisualStudioVersion = 16.0.31605.320
MinimumVisualStudioVersion = 10.0.40219.1
Project("{FAE04EC0-301F-11D3-BF4B-00C04F79EFBC}") = "MethodOverloadExercise", "MethodOverloadExercise\MethodOverloadExercise.csproj", "{D3EFBCC5-59EB-4D39-84D8-A2D5A3EC701F}"
EndProject
Global
	GlobalSection(SolutionConfigurationPlatforms) = preSolution
		Debug|Any CPU = Debug|Any CPU
		Release|Any CPU = Release|Any CPU
	EndGlobalSection
	GlobalSection(ProjectConfigurationPlatforms) = postSolution
		{D3EFBCC5-59EB-4D39-84D8-A2D5A3EC701F}.Debug|Any CPU.ActiveCfg = Debug|Any CPU
		{D3EFBCC5-59EB-4D39-84D8-A2D5A3EC701F}.Debug|Any CPU.Build.0 = Debug|Any CPU
		{D3EFBCC5-59EB-4D39-84D8-A2D5A3EC701F}.Release|Any CPU.ActiveCfg = Release|Any CPU
		{D3EFBCC5-59EB-4D39-84D8-A2D5A3EC701F}.Release|Any CPU.Build.0 = Release|Any CPU
	EndGlobalSection
	GlobalSection(SolutionProperties) = preSolution
		HideSolutionNode = FALSE
	EndGlobalSection
	GlobalSection(ExtensibilityGlobals) = postSolution
		SolutionGuid = {4B77DBBD-092A-4185-BC2A-F1D75DB4FC1D}
	EndGlobalSection
EndGlobal
